// !$*UTF8*$!
{
	archiveVersion = 1;
	classes = {
	};
	objectVersion = 55;
	objects = {

/* Begin PBXBuildFile section */
		5663946928C667AC0060C7F5 /* AppDelegate.swift in Sources */ = {isa = PBXBuildFile; fileRef = 5663946828C667AC0060C7F5 /* AppDelegate.swift */; };
		5663946B28C667AC0060C7F5 /* ViewController.swift in Sources */ = {isa = PBXBuildFile; fileRef = 5663946A28C667AC0060C7F5 /* ViewController.swift */; };
		5663946D28C667AD0060C7F5 /* Assets.xcassets in Resources */ = {isa = PBXBuildFile; fileRef = 5663946C28C667AD0060C7F5 /* Assets.xcassets */; };
		5663947028C667AD0060C7F5 /* Main.storyboard in Resources */ = {isa = PBXBuildFile; fileRef = 5663946E28C667AD0060C7F5 /* Main.storyboard */; };
		5663947B28C667AD0060C7F5 /* CodeMarkdownEditorTests.swift in Sources */ = {isa = PBXBuildFile; fileRef = 5663947A28C667AD0060C7F5 /* CodeMarkdownEditorTests.swift */; };
		5663948528C667AD0060C7F5 /* CodeMarkdownEditorUITests.swift in Sources */ = {isa = PBXBuildFile; fileRef = 5663948428C667AD0060C7F5 /* CodeMarkdownEditorUITests.swift */; };
		5663948728C667AD0060C7F5 /* CodeMarkdownEditorUITestsLaunchTests.swift in Sources */ = {isa = PBXBuildFile; fileRef = 5663948628C667AD0060C7F5 /* CodeMarkdownEditorUITestsLaunchTests.swift */; };
		5663949428C669400060C7F5 /* jssource.js in Resources */ = {isa = PBXBuildFile; fileRef = 5663949328C669400060C7F5 /* jssource.js */; };
/* End PBXBuildFile section */

/* Begin PBXContainerItemProxy section */
		5663947728C667AD0060C7F5 /* PBXContainerItemProxy */ = {
			isa = PBXContainerItemProxy;
			containerPortal = 5663945D28C667AC0060C7F5 /* Project object */;
			proxyType = 1;
			remoteGlobalIDString = 5663946428C667AC0060C7F5;
			remoteInfo = CodeMarkdownEditor;
		};
		5663948128C667AD0060C7F5 /* PBXContainerItemProxy */ = {
			isa = PBXContainerItemProxy;
			containerPortal = 5663945D28C667AC0060C7F5 /* Project object */;
			proxyType = 1;
			remoteGlobalIDString = 5663946428C667AC0060C7F5;
			remoteInfo = CodeMarkdownEditor;
		};
/* End PBXContainerItemProxy section */

/* Begin PBXFileReference section */
		5663946528C667AC0060C7F5 /* CodeMarkdownEditor.app */ = {isa = PBXFileReference; explicitFileType = wrapper.application; includeInIndex = 0; path = CodeMarkdownEditor.app; sourceTree = BUILT_PRODUCTS_DIR; };
		5663946828C667AC0060C7F5 /* AppDelegate.swift */ = {isa = PBXFileReference; lastKnownFileType = sourcecode.swift; path = AppDelegate.swift; sourceTree = "<group>"; };
		5663946A28C667AC0060C7F5 /* ViewController.swift */ = {isa = PBXFileReference; lastKnownFileType = sourcecode.swift; path = ViewController.swift; sourceTree = "<group>"; };
		5663946C28C667AD0060C7F5 /* Assets.xcassets */ = {isa = PBXFileReference; lastKnownFileType = folder.assetcatalog; path = Assets.xcassets; sourceTree = "<group>"; };
		5663946F28C667AD0060C7F5 /* Base */ = {isa = PBXFileReference; lastKnownFileType = file.storyboard; name = Base; path = Base.lproj/Main.storyboard; sourceTree = "<group>"; };
		5663947128C667AD0060C7F5 /* CodeMarkdownEditor.entitlements */ = {isa = PBXFileReference; lastKnownFileType = text.plist.entitlements; path = CodeMarkdownEditor.entitlements; sourceTree = "<group>"; };
		5663947628C667AD0060C7F5 /* CodeMarkdownEditorTests.xctest */ = {isa = PBXFileReference; explicitFileType = wrapper.cfbundle; includeInIndex = 0; path = CodeMarkdownEditorTests.xctest; sourceTree = BUILT_PRODUCTS_DIR; };
		5663947A28C667AD0060C7F5 /* CodeMarkdownEditorTests.swift */ = {isa = PBXFileReference; lastKnownFileType = sourcecode.swift; path = CodeMarkdownEditorTests.swift; sourceTree = "<group>"; };
		5663948028C667AD0060C7F5 /* CodeMarkdownEditorUITests.xctest */ = {isa = PBXFileReference; explicitFileType = wrapper.cfbundle; includeInIndex = 0; path = CodeMarkdownEditorUITests.xctest; sourceTree = BUILT_PRODUCTS_DIR; };
		5663948428C667AD0060C7F5 /* CodeMarkdownEditorUITests.swift */ = {isa = PBXFileReference; lastKnownFileType = sourcecode.swift; path = CodeMarkdownEditorUITests.swift; sourceTree = "<group>"; };
		5663948628C667AD0060C7F5 /* CodeMarkdownEditorUITestsLaunchTests.swift */ = {isa = PBXFileReference; lastKnownFileType = sourcecode.swift; path = CodeMarkdownEditorUITestsLaunchTests.swift; sourceTree = "<group>"; };
		5663949328C669400060C7F5 /* jssource.js */ = {isa = PBXFileReference; lastKnownFileType = sourcecode.javascript; path = jssource.js; sourceTree = "<group>"; };
/* End PBXFileReference section */

/* Begin PBXFrameworksBuildPhase section */
		5663946228C667AC0060C7F5 /* Frameworks */ = {
			isa = PBXFrameworksBuildPhase;
			buildActionMask = 2147483647;
			files = (
			);
			runOnlyForDeploymentPostprocessing = 0;
		};
		5663947328C667AD0060C7F5 /* Frameworks */ = {
			isa = PBXFrameworksBuildPhase;
			buildActionMask = 2147483647;
			files = (
			);
			runOnlyForDeploymentPostprocessing = 0;
		};
		5663947D28C667AD0060C7F5 /* Frameworks */ = {
			isa = PBXFrameworksBuildPhase;
			buildActionMask = 2147483647;
			files = (
			);
			runOnlyForDeploymentPostprocessing = 0;
		};
/* End PBXFrameworksBuildPhase section */

/* Begin PBXGroup section */
		5663945C28C667AC0060C7F5 = {
			isa = PBXGroup;
			children = (
				5663946728C667AC0060C7F5 /* CodeMarkdownEditor */,
				5663947928C667AD0060C7F5 /* CodeMarkdownEditorTests */,
				5663948328C667AD0060C7F5 /* CodeMarkdownEditorUITests */,
				5663946628C667AC0060C7F5 /* Products */,
			);
			sourceTree = "<group>";
		};
		5663946628C667AC0060C7F5 /* Products */ = {
			isa = PBXGroup;
			children = (
				5663946528C667AC0060C7F5 /* CodeMarkdownEditor.app */,
				5663947628C667AD0060C7F5 /* CodeMarkdownEditorTests.xctest */,
				5663948028C667AD0060C7F5 /* CodeMarkdownEditorUITests.xctest */,
			);
			name = Products;
			sourceTree = "<group>";
		};
		5663946728C667AC0060C7F5 /* CodeMarkdownEditor */ = {
			isa = PBXGroup;
			children = (
				5663946828C667AC0060C7F5 /* AppDelegate.swift */,
				5663946A28C667AC0060C7F5 /* ViewController.swift */,
				5663949328C669400060C7F5 /* jssource.js */,
				5663946C28C667AD0060C7F5 /* Assets.xcassets */,
				5663946E28C667AD0060C7F5 /* Main.storyboard */,
				5663947128C667AD0060C7F5 /* CodeMarkdownEditor.entitlements */,
			);
			path = CodeMarkdownEditor;
			sourceTree = "<group>";
		};
		5663947928C667AD0060C7F5 /* CodeMarkdownEditorTests */ = {
			isa = PBXGroup;
			children = (
				5663947A28C667AD0060C7F5 /* CodeMarkdownEditorTests.swift */,
			);
			path = CodeMarkdownEditorTests;
			sourceTree = "<group>";
		};
		5663948328C667AD0060C7F5 /* CodeMarkdownEditorUITests */ = {
			isa = PBXGroup;
			children = (
				5663948428C667AD0060C7F5 /* CodeMarkdownEditorUITests.swift */,
				5663948628C667AD0060C7F5 /* CodeMarkdownEditorUITestsLaunchTests.swift */,
			);
			path = CodeMarkdownEditorUITests;
			sourceTree = "<group>";
		};
/* End PBXGroup section */

/* Begin PBXNativeTarget section */
		5663946428C667AC0060C7F5 /* CodeMarkdownEditor */ = {
			isa = PBXNativeTarget;
			buildConfigurationList = 5663948A28C667AD0060C7F5 /* Build configuration list for PBXNativeTarget "CodeMarkdownEditor" */;
			buildPhases = (
				5663946128C667AC0060C7F5 /* Sources */,
				5663946228C667AC0060C7F5 /* Frameworks */,
				5663946328C667AC0060C7F5 /* Resources */,
			);
			buildRules = (
			);
			dependencies = (
			);
			name = CodeMarkdownEditor;
			productName = CodeMarkdownEditor;
			productReference = 5663946528C667AC0060C7F5 /* CodeMarkdownEditor.app */;
			productType = "com.apple.product-type.application";
		};
		5663947528C667AD0060C7F5 /* CodeMarkdownEditorTests */ = {
			isa = PBXNativeTarget;
			buildConfigurationList = 5663948D28C667AD0060C7F5 /* Build configuration list for PBXNativeTarget "CodeMarkdownEditorTests" */;
			buildPhases = (
				5663947228C667AD0060C7F5 /* Sources */,
				5663947328C667AD0060C7F5 /* Frameworks */,
				5663947428C667AD0060C7F5 /* Resources */,
			);
			buildRules = (
			);
			dependencies = (
				5663947828C667AD0060C7F5 /* PBXTargetDependency */,
			);
			name = CodeMarkdownEditorTests;
			productName = CodeMarkdownEditorTests;
			productReference = 5663947628C667AD0060C7F5 /* CodeMarkdownEditorTests.xctest */;
			productType = "com.apple.product-type.bundle.unit-test";
		};
		5663947F28C667AD0060C7F5 /* CodeMarkdownEditorUITests */ = {
			isa = PBXNativeTarget;
			buildConfigurationList = 5663949028C667AD0060C7F5 /* Build configuration list for PBXNativeTarget "CodeMarkdownEditorUITests" */;
			buildPhases = (
				5663947C28C667AD0060C7F5 /* Sources */,
				5663947D28C667AD0060C7F5 /* Frameworks */,
				5663947E28C667AD0060C7F5 /* Resources */,
			);
			buildRules = (
			);
			dependencies = (
				5663948228C667AD0060C7F5 /* PBXTargetDependency */,
			);
			name = CodeMarkdownEditorUITests;
			productName = CodeMarkdownEditorUITests;
			productReference = 5663948028C667AD0060C7F5 /* CodeMarkdownEditorUITests.xctest */;
			productType = "com.apple.product-type.bundle.ui-testing";
		};
/* End PBXNativeTarget section */

/* Begin PBXProject section */
		5663945D28C667AC0060C7F5 /* Project object */ = {
			isa = PBXProject;
			attributes = {
				BuildIndependentTargetsInParallel = 1;
				LastSwiftUpdateCheck = 1340;
				LastUpgradeCheck = 1340;
				TargetAttributes = {
					5663946428C667AC0060C7F5 = {
						CreatedOnToolsVersion = 13.4.1;
					};
					5663947528C667AD0060C7F5 = {
						CreatedOnToolsVersion = 13.4.1;
						TestTargetID = 5663946428C667AC0060C7F5;
					};
					5663947F28C667AD0060C7F5 = {
						CreatedOnToolsVersion = 13.4.1;
						TestTargetID = 5663946428C667AC0060C7F5;
					};
				};
			};
			buildConfigurationList = 5663946028C667AC0060C7F5 /* Build configuration list for PBXProject "CodeMarkdownEditor" */;
			compatibilityVersion = "Xcode 13.0";
			developmentRegion = en;
			hasScannedForEncodings = 0;
			knownRegions = (
				en,
				Base,
			);
			mainGroup = 5663945C28C667AC0060C7F5;
			productRefGroup = 5663946628C667AC0060C7F5 /* Products */;
			projectDirPath = "";
			projectRoot = "";
			targets = (
				5663946428C667AC0060C7F5 /* CodeMarkdownEditor */,
				5663947528C667AD0060C7F5 /* CodeMarkdownEditorTests */,
				5663947F28C667AD0060C7F5 /* CodeMarkdownEditorUITests */,
			);
		};
/* End PBXProject section */

/* Begin PBXResourcesBuildPhase section */
		5663946328C667AC0060C7F5 /* Resources */ = {
			isa = PBXResourcesBuildPhase;
			buildActionMask = 2147483647;
			files = (
				5663949428C669400060C7F5 /* jssource.js in Resources */,
				5663946D28C667AD0060C7F5 /* Assets.xcassets in Resources */,
				5663947028C667AD0060C7F5 /* Main.storyboard in Resources */,
			);
			runOnlyForDeploymentPostprocessing = 0;
		};
		5663947428C667AD0060C7F5 /* Resources */ = {
			isa = PBXResourcesBuildPhase;
			buildActionMask = 2147483647;
			files = (
			);
			runOnlyForDeploymentPostprocessing = 0;
		};
		5663947E28C667AD0060C7F5 /* Resources */ = {
			isa = PBXResourcesBuildPhase;
			buildActionMask = 2147483647;
			files = (
			);
			runOnlyForDeploymentPostprocessing = 0;
		};
/* End PBXResourcesBuildPhase section */

/* Begin PBXSourcesBuildPhase section */
		5663946128C667AC0060C7F5 /* Sources */ = {
			isa = PBXSourcesBuildPhase;
			buildActionMask = 2147483647;
			files = (
				5663946B28C667AC0060C7F5 /* ViewController.swift in Sources */,
				5663946928C667AC0060C7F5 /* AppDelegate.swift in Sources */,
			);
			runOnlyForDeploymentPostprocessing = 0;
		};
		5663947228C667AD0060C7F5 /* Sources */ = {
			isa = PBXSourcesBuildPhase;
			buildActionMask = 2147483647;
			files = (
				5663947B28C667AD0060C7F5 /* CodeMarkdownEditorTests.swift in Sources */,
			);
			runOnlyForDeploymentPostprocessing = 0;
		};
		5663947C28C667AD0060C7F5 /* Sources */ = {
			isa = PBXSourcesBuildPhase;
			buildActionMask = 2147483647;
			files = (
				5663948528C667AD0060C7F5 /* CodeMarkdownEditorUITests.swift in Sources */,
				5663948728C667AD0060C7F5 /* CodeMarkdownEditorUITestsLaunchTests.swift in Sources */,
			);
			runOnlyForDeploymentPostprocessing = 0;
		};
/* End PBXSourcesBuildPhase section */

/* Begin PBXTargetDependency section */
		5663947828C667AD0060C7F5 /* PBXTargetDependency */ = {
			isa = PBXTargetDependency;
			target = 5663946428C667AC0060C7F5 /* CodeMarkdownEditor */;
			targetProxy = 5663947728C667AD0060C7F5 /* PBXContainerItemProxy */;
		};
		5663948228C667AD0060C7F5 /* PBXTargetDependency */ = {
			isa = PBXTargetDependency;
			target = 5663946428C667AC0060C7F5 /* CodeMarkdownEditor */;
			targetProxy = 5663948128C667AD0060C7F5 /* PBXContainerItemProxy */;
		};
/* End PBXTargetDependency section */

/* Begin PBXVariantGroup section */
		5663946E28C667AD0060C7F5 /* Main.storyboard */ = {
			isa = PBXVariantGroup;
			children = (
				5663946F28C667AD0060C7F5 /* Base */,
			);
			name = Main.storyboard;
			sourceTree = "<group>";
		};
/* End PBXVariantGroup section */

/* Begin XCBuildConfiguration section */
		5663948828C667AD0060C7F5 /* Debug */ = {
			isa = XCBuildConfiguration;
			buildSettings = {
				ALWAYS_SEARCH_USER_PATHS = NO;
				CLANG_ANALYZER_NONNULL = YES;
				CLANG_ANALYZER_NUMBER_OBJECT_CONVERSION = YES_AGGRESSIVE;
				CLANG_CXX_LANGUAGE_STANDARD = "gnu++17";
				CLANG_ENABLE_MODULES = YES;
				CLANG_ENABLE_OBJC_ARC = YES;
				CLANG_ENABLE_OBJC_WEAK = YES;
				CLANG_WARN_BLOCK_CAPTURE_AUTORELEASING = YES;
				CLANG_WARN_BOOL_CONVERSION = YES;
				CLANG_WARN_COMMA = YES;
				CLANG_WARN_CONSTANT_CONVERSION = YES;
				CLANG_WARN_DEPRECATED_OBJC_IMPLEMENTATIONS = YES;
				CLANG_WARN_DIRECT_OBJC_ISA_USAGE = YES_ERROR;
				CLANG_WARN_DOCUMENTATION_COMMENTS = YES;
				CLANG_WARN_EMPTY_BODY = YES;
				CLANG_WARN_ENUM_CONVERSION = YES;
				CLANG_WARN_INFINITE_RECURSION = YES;
				CLANG_WARN_INT_CONVERSION = YES;
				CLANG_WARN_NON_LITERAL_NULL_CONVERSION = YES;
				CLANG_WARN_OBJC_IMPLICIT_RETAIN_SELF = YES;
				CLANG_WARN_OBJC_LITERAL_CONVERSION = YES;
				CLANG_WARN_OBJC_ROOT_CLASS = YES_ERROR;
				CLANG_WARN_QUOTED_INCLUDE_IN_FRAMEWORK_HEADER = YES;
				CLANG_WARN_RANGE_LOOP_ANALYSIS = YES;
				CLANG_WARN_STRICT_PROTOTYPES = YES;
				CLANG_WARN_SUSPICIOUS_MOVE = YES;
				CLANG_WARN_UNGUARDED_AVAILABILITY = YES_AGGRESSIVE;
				CLANG_WARN_UNREACHABLE_CODE = YES;
				CLANG_WARN__DUPLICATE_METHOD_MATCH = YES;
				COPY_PHASE_STRIP = NO;
				DEBUG_INFORMATION_FORMAT = dwarf;
				ENABLE_STRICT_OBJC_MSGSEND = YES;
				ENABLE_TESTABILITY = YES;
				GCC_C_LANGUAGE_STANDARD = gnu11;
				GCC_DYNAMIC_NO_PIC = NO;
				GCC_NO_COMMON_BLOCKS = YES;
				GCC_OPTIMIZATION_LEVEL = 0;
				GCC_PREPROCESSOR_DEFINITIONS = (
					"DEBUG=1",
					"$(inherited)",
				);
				GCC_WARN_64_TO_32_BIT_CONVERSION = YES;
				GCC_WARN_ABOUT_RETURN_TYPE = YES_ERROR;
				GCC_WARN_UNDECLARED_SELECTOR = YES;
				GCC_WARN_UNINITIALIZED_AUTOS = YES_AGGRESSIVE;
				GCC_WARN_UNUSED_FUNCTION = YES;
				GCC_WARN_UNUSED_VARIABLE = YES;
				MACOSX_DEPLOYMENT_TARGET = 12.3;
				MTL_ENABLE_DEBUG_INFO = INCLUDE_SOURCE;
				MTL_FAST_MATH = YES;
				ONLY_ACTIVE_ARCH = YES;
				SDKROOT = macosx;
				SWIFT_ACTIVE_COMPILATION_CONDITIONS = DEBUG;
				SWIFT_OPTIMIZATION_LEVEL = "-Onone";
			};
			name = Debug;
		};
		5663948928C667AD0060C7F5 /* Release */ = {
			isa = XCBuildConfiguration;
			buildSettings = {
				ALWAYS_SEARCH_USER_PATHS = NO;
				CLANG_ANALYZER_NONNULL = YES;
				CLANG_ANALYZER_NUMBER_OBJECT_CONVERSION = YES_AGGRESSIVE;
				CLANG_CXX_LANGUAGE_STANDARD = "gnu++17";
				CLANG_ENABLE_MODULES = YES;
				CLANG_ENABLE_OBJC_ARC = YES;
				CLANG_ENABLE_OBJC_WEAK = YES;
				CLANG_WARN_BLOCK_CAPTURE_AUTORELEASING = YES;
				CLANG_WARN_BOOL_CONVERSION = YES;
				CLANG_WARN_COMMA = YES;
				CLANG_WARN_CONSTANT_CONVERSION = YES;
				CLANG_WARN_DEPRECATED_OBJC_IMPLEMENTATIONS = YES;
				CLANG_WARN_DIRECT_OBJC_ISA_USAGE = YES_ERROR;
				CLANG_WARN_DOCUMENTATION_COMMENTS = YES;
				CLANG_WARN_EMPTY_BODY = YES;
				CLANG_WARN_ENUM_CONVERSION = YES;
				CLANG_WARN_INFINITE_RECURSION = YES;
				CLANG_WARN_INT_CONVERSION = YES;
				CLANG_WARN_NON_LITERAL_NULL_CONVERSION = YES;
				CLANG_WARN_OBJC_IMPLICIT_RETAIN_SELF = YES;
				CLANG_WARN_OBJC_LITERAL_CONVERSION = YES;
				CLANG_WARN_OBJC_ROOT_CLASS = YES_ERROR;
				CLANG_WARN_QUOTED_INCLUDE_IN_FRAMEWORK_HEADER = YES;
				CLANG_WARN_RANGE_LOOP_ANALYSIS = YES;
				CLANG_WARN_STRICT_PROTOTYPES = YES;
				CLANG_WARN_SUSPICIOUS_MOVE = YES;
				CLANG_WARN_UNGUARDED_AVAILABILITY = YES_AGGRESSIVE;
				CLANG_WARN_UNREACHABLE_CODE = YES;
				CLANG_WARN__DUPLICATE_METHOD_MATCH = YES;
				COPY_PHASE_STRIP = NO;
				DEBUG_INFORMATION_FORMAT = "dwarf-with-dsym";
				ENABLE_NS_ASSERTIONS = NO;
				ENABLE_STRICT_OBJC_MSGSEND = YES;
				GCC_C_LANGUAGE_STANDARD = gnu11;
				GCC_NO_COMMON_BLOCKS = YES;
				GCC_WARN_64_TO_32_BIT_CONVERSION = YES;
				GCC_WARN_ABOUT_RETURN_TYPE = YES_ERROR;
				GCC_WARN_UNDECLARED_SELECTOR = YES;
				GCC_WARN_UNINITIALIZED_AUTOS = YES_AGGRESSIVE;
				GCC_WARN_UNUSED_FUNCTION = YES;
				GCC_WARN_UNUSED_VARIABLE = YES;
				MACOSX_DEPLOYMENT_TARGET = 12.3;
				MTL_ENABLE_DEBUG_INFO = NO;
				MTL_FAST_MATH = YES;
				SDKROOT = macosx;
				SWIFT_COMPILATION_MODE = wholemodule;
				SWIFT_OPTIMIZATION_LEVEL = "-O";
			};
			name = Release;
		};
		5663948B28C667AD0060C7F5 /* Debug */ = {
			isa = XCBuildConfiguration;
			buildSettings = {
				ASSETCATALOG_COMPILER_APPICON_NAME = AppIcon;
				ASSETCATALOG_COMPILER_GLOBAL_ACCENT_COLOR_NAME = AccentColor;
				CODE_SIGN_ENTITLEMENTS = CodeMarkdownEditor/CodeMarkdownEditor.entitlements;
				CODE_SIGN_STYLE = Automatic;
				COMBINE_HIDPI_IMAGES = YES;
				CURRENT_PROJECT_VERSION = 1;
				DEVELOPMENT_TEAM = SZ48PWPSW4;
				ENABLE_HARDENED_RUNTIME = YES;
				GENERATE_INFOPLIST_FILE = YES;
				INFOPLIST_KEY_NSHumanReadableCopyright = "";
				INFOPLIST_KEY_NSMainStoryboardFile = Main;
				INFOPLIST_KEY_NSPrincipalClass = NSApplication;
				LD_RUNPATH_SEARCH_PATHS = (
					"$(inherited)",
					"@executable_path/../Frameworks",
				);
				MARKETING_VERSION = 1.0;
				PRODUCT_BUNDLE_IDENTIFIER = net.gobauer.CodeMarkdownEditor;
				PRODUCT_NAME = "$(TARGET_NAME)";
				SWIFT_EMIT_LOC_STRINGS = YES;
				SWIFT_VERSION = 5.0;
			};
			name = Debug;
		};
		5663948C28C667AD0060C7F5 /* Release */ = {
			isa = XCBuildConfiguration;
			buildSettings = {
				ASSETCATALOG_COMPILER_APPICON_NAME = AppIcon;
				ASSETCATALOG_COMPILER_GLOBAL_ACCENT_COLOR_NAME = AccentColor;
				CODE_SIGN_ENTITLEMENTS = CodeMarkdownEditor/CodeMarkdownEditor.entitlements;
				CODE_SIGN_STYLE = Automatic;
				COMBINE_HIDPI_IMAGES = YES;
				CURRENT_PROJECT_VERSION = 1;
				DEVELOPMENT_TEAM = SZ48PWPSW4;
				ENABLE_HARDENED_RUNTIME = YES;
				GENERATE_INFOPLIST_FILE = YES;
				INFOPLIST_KEY_NSHumanReadableCopyright = "";
				INFOPLIST_KEY_NSMainStoryboardFile = Main;
				INFOPLIST_KEY_NSPrincipalClass = NSApplication;
				LD_RUNPATH_SEARCH_PATHS = (
					"$(inherited)",
					"@executable_path/../Frameworks",
				);
				MARKETING_VERSION = 1.0;
				PRODUCT_BUNDLE_IDENTIFIER = net.gobauer.CodeMarkdownEditor;
				PRODUCT_NAME = "$(TARGET_NAME)";
				SWIFT_EMIT_LOC_STRINGS = YES;
				SWIFT_VERSION = 5.0;
			};
			name = Release;
		};
		5663948E28C667AD0060C7F5 /* Debug */ = {
			isa = XCBuildConfiguration;
			buildSettings = {
				ALWAYS_EMBED_SWIFT_STANDARD_LIBRARIES = YES;
				BUNDLE_LOADER = "$(TEST_HOST)";
				CODE_SIGN_STYLE = Automatic;
				CURRENT_PROJECT_VERSION = 1;
				DEVELOPMENT_TEAM = SZ48PWPSW4;
				GENERATE_INFOPLIST_FILE = YES;
				MACOSX_DEPLOYMENT_TARGET = 12.3;
				MARKETING_VERSION = 1.0;
				PRODUCT_BUNDLE_IDENTIFIER = net.gobauer.CodeMarkdownEditorTests;
				PRODUCT_NAME = "$(TARGET_NAME)";
				SWIFT_EMIT_LOC_STRINGS = NO;
				SWIFT_VERSION = 5.0;
				TEST_HOST = "$(BUILT_PRODUCTS_DIR)/CodeMarkdownEditor.app/Contents/MacOS/CodeMarkdownEditor";
			};
			name = Debug;
		};
		5663948F28C667AD0060C7F5 /* Release */ = {
			isa = XCBuildConfiguration;
			buildSettings = {
				ALWAYS_EMBED_SWIFT_STANDARD_LIBRARIES = YES;
				BUNDLE_LOADER = "$(TEST_HOST)";
				CODE_SIGN_STYLE = Automatic;
				CURRENT_PROJECT_VERSION = 1;
				DEVELOPMENT_TEAM = SZ48PWPSW4;
				GENERATE_INFOPLIST_FILE = YES;
				MACOSX_DEPLOYMENT_TARGET = 12.3;
				MARKETING_VERSION = 1.0;
				PRODUCT_BUNDLE_IDENTIFIER = net.gobauer.CodeMarkdownEditorTests;
				PRODUCT_NAME = "$(TARGET_NAME)";
				SWIFT_EMIT_LOC_STRINGS = NO;
				SWIFT_VERSION = 5.0;
				TEST_HOST = "$(BUILT_PRODUCTS_DIR)/CodeMarkdownEditor.app/Contents/MacOS/CodeMarkdownEditor";
			};
			name = Release;
		};
		5663949128C667AD0060C7F5 /* Debug */ = {
			isa = XCBuildConfiguration;
			buildSettings = {
				ALWAYS_EMBED_SWIFT_STANDARD_LIBRARIES = YES;
				CODE_SIGN_STYLE = Automatic;
				CURRENT_PROJECT_VERSION = 1;
				DEVELOPMENT_TEAM = SZ48PWPSW4;
				GENERATE_INFOPLIST_FILE = YES;
				MARKETING_VERSION = 1.0;
				PRODUCT_BUNDLE_IDENTIFIER = net.gobauer.CodeMarkdownEditorUITests;
				PRODUCT_NAME = "$(TARGET_NAME)";
				SWIFT_EMIT_LOC_STRINGS = NO;
				SWIFT_VERSION = 5.0;
				TEST_TARGET_NAME = CodeMarkdownEditor;
			};
			name = Debug;
		};
		5663949228C667AD0060C7F5 /* Release */ = {
			isa = XCBuildConfiguration;
			buildSettings = {
				ALWAYS_EMBED_SWIFT_STANDARD_LIBRARIES = YES;
				CODE_SIGN_STYLE = Automatic;
				CURRENT_PROJECT_VERSION = 1;
				DEVELOPMENT_TEAM = SZ48PWPSW4;
				GENERATE_INFOPLIST_FILE = YES;
				MARKETING_VERSION = 1.0;
				PRODUCT_BUNDLE_IDENTIFIER = net.gobauer.CodeMarkdownEditorUITests;
				PRODUCT_NAME = "$(TARGET_NAME)";
				SWIFT_EMIT_LOC_STRINGS = NO;
				SWIFT_VERSION = 5.0;
				TEST_TARGET_NAME = CodeMarkdownEditor;
			};
			name = Release;
		};
/* End XCBuildConfiguration section */

/* Begin XCConfigurationList section */
		5663946028C667AC0060C7F5 /* Build configuration list for PBXProject "CodeMarkdownEditor" */ = {
			isa = XCConfigurationList;
			buildConfigurations = (
				5663948828C667AD0060C7F5 /* Debug */,
				5663948928C667AD0060C7F5 /* Release */,
			);
			defaultConfigurationIsVisible = 0;
			defaultConfigurationName = Release;
		};
		5663948A28C667AD0060C7F5 /* Build configuration list for PBXNativeTarget "CodeMarkdownEditor" */ = {
			isa = XCConfigurationList;
			buildConfigurations = (
				5663948B28C667AD0060C7F5 /* Debug */,
				5663948C28C667AD0060C7F5 /* Release */,
			);
			defaultConfigurationIsVisible = 0;
			defaultConfigurationName = Release;
		};
		5663948D28C667AD0060C7F5 /* Build configuration list for PBXNativeTarget "CodeMarkdownEditorTests" */ = {
			isa = XCConfigurationList;
			buildConfigurations = (
				5663948E28C667AD0060C7F5 /* Debug */,
				5663948F28C667AD0060C7F5 /* Release */,
			);
			defaultConfigurationIsVisible = 0;
			defaultConfigurationName = Release;
		};
		5663949028C667AD0060C7F5 /* Build configuration list for PBXNativeTarget "CodeMarkdownEditorUITests" */ = {
			isa = XCConfigurationList;
			buildConfigurations = (
				5663949128C667AD0060C7F5 /* Debug */,
				5663949228C667AD0060C7F5 /* Release */,
			);
			defaultConfigurationIsVisible = 0;
			defaultConfigurationName = Release;
		};
/* End XCConfigurationList section */
	};
	rootObject = 5663945D28C667AC0060C7F5 /* Project object */;
}
